
Microsoft Visual Studio Solution File, Format Version 12.00
# Visual Studio 15
VisualStudioVersion = 15.0.26228.9
MinimumVisualStudioVersion = 10.0.40219.1
Project("{FAE04EC0-301F-11D3-BF4B-00C04F79EFBC}") = "mminer", "mminer\mminer.csproj", "{68971B7A-5F68-4C63-8B2B-E0A450651C1D}"
	ProjectSection(ProjectDependencies) = postProject
		{94F0E925-56A6-4B42-9403-201B53ED0DA5} = {94F0E925-56A6-4B42-9403-201B53ED0DA5}
	EndProjectSection
EndProject
Project("{FAE04EC0-301F-11D3-BF4B-00C04F79EFBC}") = "baseFunc", "baseFunc\baseFunc.csproj", "{94F0E925-56A6-4B42-9403-201B53ED0DA5}"
EndProject
Project("{FAE04EC0-301F-11D3-BF4B-00C04F79EFBC}") = "ccminer", "miners\ccminer\ccminer.csproj", "{59D3963E-2AF1-4F14-BF79-48E776A385FA}"
EndProject
Project("{FAE04EC0-301F-11D3-BF4B-00C04F79EFBC}") = "EXLV", "EXLV\EXLV.csproj", "{BE6B1FCE-D822-4129-90E9-F4466F0A37E3}"
EndProject
Project("{FAE04EC0-301F-11D3-BF4B-00C04F79EFBC}") = "fromJSON", "statistics\fromjson\fromJSON.csproj", "{428BDD82-79DD-4E7A-8C8C-CB0D0FCC5404}"
EndProject
Project("{FAE04EC0-301F-11D3-BF4B-00C04F79EFBC}") = "fromHTML", "statistics\fromhtml\fromHTML.csproj", "{1E8786AD-CA2B-4553-BC31-B7159AEE1F22}"
EndProject
Global
	GlobalSection(SolutionConfigurationPlatforms) = preSolution
		Debug|Any CPU = Debug|Any CPU
		Debug|Mixed Platforms = Debug|Mixed Platforms
		Debug|x86 = Debug|x86
		Release|Any CPU = Release|Any CPU
		Release|Mixed Platforms = Release|Mixed Platforms
		Release|x86 = Release|x86
	EndGlobalSection
	GlobalSection(ProjectConfigurationPlatforms) = postSolution
		{68971B7A-5F68-4C63-8B2B-E0A450651C1D}.Debug|Any CPU.ActiveCfg = Debug|Any CPU
		{68971B7A-5F68-4C63-8B2B-E0A450651C1D}.Debug|Any CPU.Build.0 = Debug|Any CPU
		{68971B7A-5F68-4C63-8B2B-E0A450651C1D}.Debug|Mixed Platforms.ActiveCfg = Debug|x86
		{68971B7A-5F68-4C63-8B2B-E0A450651C1D}.Debug|Mixed Platforms.Build.0 = Debug|x86
		{68971B7A-5F68-4C63-8B2B-E0A450651C1D}.Debug|x86.ActiveCfg = Debug|x86
		{68971B7A-5F68-4C63-8B2B-E0A450651C1D}.Debug|x86.Build.0 = Debug|x86
		{68971B7A-5F68-4C63-8B2B-E0A450651C1D}.Release|Any CPU.ActiveCfg = Release|Any CPU
		{68971B7A-5F68-4C63-8B2B-E0A450651C1D}.Release|Any CPU.Build.0 = Release|Any CPU
		{68971B7A-5F68-4C63-8B2B-E0A450651C1D}.Release|Mixed Platforms.ActiveCfg = Release|x86
		{68971B7A-5F68-4C63-8B2B-E0A450651C1D}.Release|Mixed Platforms.Build.0 = Release|x86
		{68971B7A-5F68-4C63-8B2B-E0A450651C1D}.Release|x86.ActiveCfg = Release|x86
		{68971B7A-5F68-4C63-8B2B-E0A450651C1D}.Release|x86.Build.0 = Release|x86
		{94F0E925-56A6-4B42-9403-201B53ED0DA5}.Debug|Any CPU.ActiveCfg = Debug|Any CPU
		{94F0E925-56A6-4B42-9403-201B53ED0DA5}.Debug|Any CPU.Build.0 = Debug|Any CPU
		{94F0E925-56A6-4B42-9403-201B53ED0DA5}.Debug|Mixed Platforms.ActiveCfg = Debug|Any CPU
		{94F0E925-56A6-4B42-9403-201B53ED0DA5}.Debug|Mixed Platforms.Build.0 = Debug|Any CPU
		{94F0E925-56A6-4B42-9403-201B53ED0DA5}.Debug|x86.ActiveCfg = Debug|Any CPU
		{94F0E925-56A6-4B42-9403-201B53ED0DA5}.Release|Any CPU.ActiveCfg = Release|Any CPU
		{94F0E925-56A6-4B42-9403-201B53ED0DA5}.Release|Any CPU.Build.0 = Release|Any CPU
		{94F0E925-56A6-4B42-9403-201B53ED0DA5}.Release|Mixed Platforms.ActiveCfg = Release|Any CPU
		{94F0E925-56A6-4B42-9403-201B53ED0DA5}.Release|Mixed Platforms.Build.0 = Release|Any CPU
		{94F0E925-56A6-4B42-9403-201B53ED0DA5}.Release|x86.ActiveCfg = Release|Any CPU
		{59D3963E-2AF1-4F14-BF79-48E776A385FA}.Debug|Any CPU.ActiveCfg = Debug|Any CPU
		{59D3963E-2AF1-4F14-BF79-48E776A385FA}.Debug|Any CPU.Build.0 = Debug|Any CPU
		{59D3963E-2AF1-4F14-BF79-48E776A385FA}.Debug|Mixed Platforms.ActiveCfg = Debug|Any CPU
		{59D3963E-2AF1-4F14-BF79-48E776A385FA}.Debug|Mixed Platforms.Build.0 = Debug|Any CPU
		{59D3963E-2AF1-4F14-BF79-48E776A385FA}.Debug|x86.ActiveCfg = Debug|Any CPU
		{59D3963E-2AF1-4F14-BF79-48E776A385FA}.Debug|x86.Build.0 = Debug|Any CPU
		{59D3963E-2AF1-4F14-BF79-48E776A385FA}.Release|Any CPU.ActiveCfg = Release|Any CPU
		{59D3963E-2AF1-4F14-BF79-48E776A385FA}.Release|Any CPU.Build.0 = Release|Any CPU
		{59D3963E-2AF1-4F14-BF79-48E776A385FA}.Release|Mixed Platforms.ActiveCfg = Release|Any CPU
		{59D3963E-2AF1-4F14-BF79-48E776A385FA}.Release|Mixed Platforms.Build.0 = Release|Any CPU
		{59D3963E-2AF1-4F14-BF79-48E776A385FA}.Release|x86.ActiveCfg = Release|Any CPU
		{59D3963E-2AF1-4F14-BF79-48E776A385FA}.Release|x86.Build.0 = Release|Any CPU
		{BE6B1FCE-D822-4129-90E9-F4466F0A37E3}.Debug|Any CPU.ActiveCfg = Debug|Any CPU
		{BE6B1FCE-D822-4129-90E9-F4466F0A37E3}.Debug|Any CPU.Build.0 = Debug|Any CPU
		{BE6B1FCE-D822-4129-90E9-F4466F0A37E3}.Debug|Mixed Platforms.ActiveCfg = Debug|Any CPU
		{BE6B1FCE-D822-4129-90E9-F4466F0A37E3}.Debug|Mixed Platforms.Build.0 = Debug|Any CPU
		{BE6B1FCE-D822-4129-90E9-F4466F0A37E3}.Debug|x86.ActiveCfg = Debug|Any CPU
		{BE6B1FCE-D822-4129-90E9-F4466F0A37E3}.Debug|x86.Build.0 = Debug|Any CPU
		{BE6B1FCE-D822-4129-90E9-F4466F0A37E3}.Release|Any CPU.ActiveCfg = Release|Any CPU
		{BE6B1FCE-D822-4129-90E9-F4466F0A37E3}.Release|Any CPU.Build.0 = Release|Any CPU
		{BE6B1FCE-D822-4129-90E9-F4466F0A37E3}.Release|Mixed Platforms.ActiveCfg = Release|Any CPU
		{BE6B1FCE-D822-4129-90E9-F4466F0A37E3}.Release|Mixed Platforms.Build.0 = Release|Any CPU
		{BE6B1FCE-D822-4129-90E9-F4466F0A37E3}.Release|x86.ActiveCfg = Release|Any CPU
		{BE6B1FCE-D822-4129-90E9-F4466F0A37E3}.Release|x86.Build.0 = Release|Any CPU
		{428BDD82-79DD-4E7A-8C8C-CB0D0FCC5404}.Debug|Any CPU.ActiveCfg = Debug|Any CPU
		{428BDD82-79DD-4E7A-8C8C-CB0D0FCC5404}.Debug|Any CPU.Build.0 = Debug|Any CPU
		{428BDD82-79DD-4E7A-8C8C-CB0D0FCC5404}.Debug|Mixed Platforms.ActiveCfg = Debug|Any CPU
		{428BDD82-79DD-4E7A-8C8C-CB0D0FCC5404}.Debug|Mixed Platforms.Build.0 = Debug|Any CPU
		{428BDD82-79DD-4E7A-8C8C-CB0D0FCC5404}.Debug|x86.ActiveCfg = Debug|Any CPU
		{428BDD82-79DD-4E7A-8C8C-CB0D0FCC5404}.Debug|x86.Build.0 = Debug|Any CPU
		{428BDD82-79DD-4E7A-8C8C-CB0D0FCC5404}.Release|Any CPU.ActiveCfg = Release|Any CPU
		{428BDD82-79DD-4E7A-8C8C-CB0D0FCC5404}.Release|Any CPU.Build.0 = Release|Any CPU
		{428BDD82-79DD-4E7A-8C8C-CB0D0FCC5404}.Release|Mixed Platforms.ActiveCfg = Release|Any CPU
		{428BDD82-79DD-4E7A-8C8C-CB0D0FCC5404}.Release|Mixed Platforms.Build.0 = Release|Any CPU
		{428BDD82-79DD-4E7A-8C8C-CB0D0FCC5404}.Release|x86.ActiveCfg = Release|Any CPU
		{428BDD82-79DD-4E7A-8C8C-CB0D0FCC5404}.Release|x86.Build.0 = Release|Any CPU
		{1E8786AD-CA2B-4553-BC31-B7159AEE1F22}.Debug|Any CPU.ActiveCfg = Debug|Any CPU
		{1E8786AD-CA2B-4553-BC31-B7159AEE1F22}.Debug|Any CPU.Build.0 = Debug|Any CPU
		{1E8786AD-CA2B-4553-BC31-B7159AEE1F22}.Debug|Mixed Platforms.ActiveCfg = Debug|Any CPU
		{1E8786AD-CA2B-4553-BC31-B7159AEE1F22}.Debug|Mixed Platforms.Build.0 = Debug|Any CPU
		{1E8786AD-CA2B-4553-BC31-B7159AEE1F22}.Debug|x86.ActiveCfg = Debug|Any CPU
		{1E8786AD-CA2B-4553-BC31-B7159AEE1F22}.Debug|x86.Build.0 = Debug|Any CPU
		{1E8786AD-CA2B-4553-BC31-B7159AEE1F22}.Release|Any CPU.ActiveCfg = Release|Any CPU
		{1E8786AD-CA2B-4553-BC31-B7159AEE1F22}.Release|Any CPU.Build.0 = Release|Any CPU
		{1E8786AD-CA2B-4553-BC31-B7159AEE1F22}.Release|Mixed Platforms.ActiveCfg = Release|Any CPU
		{1E8786AD-CA2B-4553-BC31-B7159AEE1F22}.Release|Mixed Platforms.Build.0 = Release|Any CPU
		{1E8786AD-CA2B-4553-BC31-B7159AEE1F22}.Release|x86.ActiveCfg = Release|Any CPU
		{1E8786AD-CA2B-4553-BC31-B7159AEE1F22}.Release|x86.Build.0 = Release|Any CPU
	EndGlobalSection
	GlobalSection(SolutionProperties) = preSolution
		HideSolutionNode = FALSE
	EndGlobalSection
	GlobalSection(ExtensibilityGlobals) = postSolution
		SolutionGuid = {351A3FEF-0F86-4FD9-A05A-EE3D7A207E8D}
	EndGlobalSection
EndGlobal
